
Microsoft Visual Studio Solution File, Format Version 12.00
# Visual Studio Version 17
VisualStudioVersion = 17.5.33424.131
MinimumVisualStudioVersion = 10.0.40219.1
Project("{FAE04EC0-301F-11D3-BF4B-00C04F79EFBC}") = "Scolarité", "Scolarité\Scolarité.csproj", "{1C552934-C8A0-4319-8EDB-A79A62366B41}"
EndProject
Global
	GlobalSection(SolutionConfigurationPlatforms) = preSolution
		Debug|Any CPU = Debug|Any CPU
		Release|Any CPU = Release|Any CPU
	EndGlobalSection
	GlobalSection(ProjectConfigurationPlatforms) = postSolution
		{1C552934-C8A0-4319-8EDB-A79A62366B41}.Debug|Any CPU.ActiveCfg = Debug|Any CPU
		{1C552934-C8A0-4319-8EDB-A79A62366B41}.Debug|Any CPU.Build.0 = Debug|Any CPU
		{1C552934-C8A0-4319-8EDB-A79A62366B41}.Release|Any CPU.ActiveCfg = Release|Any CPU
		{1C552934-C8A0-4319-8EDB-A79A62366B41}.Release|Any CPU.Build.0 = Release|Any CPU
	EndGlobalSection
	GlobalSection(SolutionProperties) = preSolution
		HideSolutionNode = FALSE
	EndGlobalSection
	GlobalSection(ExtensibilityGlobals) = postSolution
		SolutionGuid = {28F0CCD7-F1BC-45EF-B52B-2B2DFD4B470A}
	EndGlobalSection
EndGlobal
